
Microsoft Visual Studio Solution File, Format Version 12.00
# Visual Studio Version 17
VisualStudioVersion = 17.0.31903.59
MinimumVisualStudioVersion = 10.0.40219.1
Project("{FAE04EC0-301F-11D3-BF4B-00C04F79EFBC}") = "LibSeijaCSharp", "LibSeijaCSharp\LibSeijaCSharp.csproj", "{4159DEAA-B7E2-4B06-8641-F805D3EE8D82}"
EndProject
Project("{FAE04EC0-301F-11D3-BF4B-00C04F79EFBC}") = "example", "example\example.csproj", "{D7D3FEE9-BCAC-4C01-A35E-8C53D9DC25A8}"
EndProject
Global
	GlobalSection(SolutionConfigurationPlatforms) = preSolution
		Debug|Any CPU = Debug|Any CPU
		Release|Any CPU = Release|Any CPU
	EndGlobalSection
	GlobalSection(SolutionProperties) = preSolution
		HideSolutionNode = FALSE
	EndGlobalSection
	GlobalSection(ProjectConfigurationPlatforms) = postSolution
		{4159DEAA-B7E2-4B06-8641-F805D3EE8D82}.Debug|Any CPU.ActiveCfg = Debug|Any CPU
		{4159DEAA-B7E2-4B06-8641-F805D3EE8D82}.Debug|Any CPU.Build.0 = Debug|Any CPU
		{4159DEAA-B7E2-4B06-8641-F805D3EE8D82}.Release|Any CPU.ActiveCfg = Release|Any CPU
		{4159DEAA-B7E2-4B06-8641-F805D3EE8D82}.Release|Any CPU.Build.0 = Release|Any CPU
		{D7D3FEE9-BCAC-4C01-A35E-8C53D9DC25A8}.Debug|Any CPU.ActiveCfg = Debug|Any CPU
		{D7D3FEE9-BCAC-4C01-A35E-8C53D9DC25A8}.Debug|Any CPU.Build.0 = Debug|Any CPU
		{D7D3FEE9-BCAC-4C01-A35E-8C53D9DC25A8}.Release|Any CPU.ActiveCfg = Release|Any CPU
		{D7D3FEE9-BCAC-4C01-A35E-8C53D9DC25A8}.Release|Any CPU.Build.0 = Release|Any CPU
	EndGlobalSection
EndGlobal
